
Microsoft Visual Studio Solution File, Format Version 12.00
# Visual Studio Version 17
VisualStudioVersion = 17.3.32929.385
MinimumVisualStudioVersion = 10.0.40219.1
Project("{FAE04EC0-301F-11D3-BF4B-00C04F79EFBC}") = "Server", "Server\Server.csproj", "{0D5936CB-3872-40BB-98BC-9BE67C3FCFC4}"
EndProject
Project("{FAE04EC0-301F-11D3-BF4B-00C04F79EFBC}") = "Client", "Client\Client.csproj", "{91E2C6E9-251A-403B-9388-416A8853A6DC}"
EndProject
Project("{FAE04EC0-301F-11D3-BF4B-00C04F79EFBC}") = "ClientUI", "ClientUI\ClientUI.csproj", "{BC009E61-0AA0-42D2-B52E-609CAB953A9B}"
EndProject
Global
	GlobalSection(SolutionConfigurationPlatforms) = preSolution
		Debug|Any CPU = Debug|Any CPU
		Release|Any CPU = Release|Any CPU
	EndGlobalSection
	GlobalSection(ProjectConfigurationPlatforms) = postSolution
		{0D5936CB-3872-40BB-98BC-9BE67C3FCFC4}.Debug|Any CPU.ActiveCfg = Debug|Any CPU
		{0D5936CB-3872-40BB-98BC-9BE67C3FCFC4}.Debug|Any CPU.Build.0 = Debug|Any CPU
		{0D5936CB-3872-40BB-98BC-9BE67C3FCFC4}.Release|Any CPU.ActiveCfg = Release|Any CPU
		{0D5936CB-3872-40BB-98BC-9BE67C3FCFC4}.Release|Any CPU.Build.0 = Release|Any CPU
		{91E2C6E9-251A-403B-9388-416A8853A6DC}.Debug|Any CPU.ActiveCfg = Debug|Any CPU
		{91E2C6E9-251A-403B-9388-416A8853A6DC}.Debug|Any CPU.Build.0 = Debug|Any CPU
		{91E2C6E9-251A-403B-9388-416A8853A6DC}.Release|Any CPU.ActiveCfg = Release|Any CPU
		{91E2C6E9-251A-403B-9388-416A8853A6DC}.Release|Any CPU.Build.0 = Release|Any CPU
		{BC009E61-0AA0-42D2-B52E-609CAB953A9B}.Debug|Any CPU.ActiveCfg = Debug|Any CPU
		{BC009E61-0AA0-42D2-B52E-609CAB953A9B}.Debug|Any CPU.Build.0 = Debug|Any CPU
		{BC009E61-0AA0-42D2-B52E-609CAB953A9B}.Release|Any CPU.ActiveCfg = Release|Any CPU
		{BC009E61-0AA0-42D2-B52E-609CAB953A9B}.Release|Any CPU.Build.0 = Release|Any CPU
	EndGlobalSection
	GlobalSection(SolutionProperties) = preSolution
		HideSolutionNode = FALSE
	EndGlobalSection
	GlobalSection(ExtensibilityGlobals) = postSolution
		SolutionGuid = {D22B0F07-115D-4C16-8FC6-E24ECBB4DBE2}
	EndGlobalSection
EndGlobal
